// !$*UTF8*$!
{
	archiveVersion = 1;
	classes = {
	};
	objectVersion = 46;
	objects = {

/* Begin PBXBuildFile section */
		472FC9701C350451005B1966 /* SettingsViewController.swift in Sources */ = {isa = PBXBuildFile; fileRef = 472FC96F1C350451005B1966 /* SettingsViewController.swift */; };
		4735A4681C327B8700EDF92F /* AppDelegate.swift in Sources */ = {isa = PBXBuildFile; fileRef = 4735A4671C327B8700EDF92F /* AppDelegate.swift */; };
		4735A46A1C327B8700EDF92F /* ViewController.swift in Sources */ = {isa = PBXBuildFile; fileRef = 4735A4691C327B8700EDF92F /* ViewController.swift */; };
		4735A46D1C327B8700EDF92F /* Main.storyboard in Resources */ = {isa = PBXBuildFile; fileRef = 4735A46B1C327B8700EDF92F /* Main.storyboard */; };
		4735A46F1C327B8700EDF92F /* Assets.xcassets in Resources */ = {isa = PBXBuildFile; fileRef = 4735A46E1C327B8700EDF92F /* Assets.xcassets */; };
		4735A4721C327B8700EDF92F /* LaunchScreen.storyboard in Resources */ = {isa = PBXBuildFile; fileRef = 4735A4701C327B8700EDF92F /* LaunchScreen.storyboard */; };
		4735A47D1C327B8700EDF92F /* TipperTests.swift in Sources */ = {isa = PBXBuildFile; fileRef = 4735A47C1C327B8700EDF92F /* TipperTests.swift */; };
		4735A4881C327B8700EDF92F /* TipperUITests.swift in Sources */ = {isa = PBXBuildFile; fileRef = 4735A4871C327B8700EDF92F /* TipperUITests.swift */; };
/* End PBXBuildFile section */

/* Begin PBXContainerItemProxy section */
		4735A4791C327B8700EDF92F /* PBXContainerItemProxy */ = {
			isa = PBXContainerItemProxy;
			containerPortal = 4735A45C1C327B8700EDF92F /* Project object */;
			proxyType = 1;
			remoteGlobalIDString = 4735A4631C327B8700EDF92F;
			remoteInfo = Tipper;
		};
		4735A4841C327B8700EDF92F /* PBXContainerItemProxy */ = {
			isa = PBXContainerItemProxy;
			containerPortal = 4735A45C1C327B8700EDF92F /* Project object */;
			proxyType = 1;
			remoteGlobalIDString = 4735A4631C327B8700EDF92F;
			remoteInfo = Tipper;
		};
/* End PBXContainerItemProxy section */

/* Begin PBXFileReference section */
		472FC96F1C350451005B1966 /* SettingsViewController.swift */ = {isa = PBXFileReference; fileEncoding = 4; lastKnownFileType = sourcecode.swift; path = SettingsViewController.swift; sourceTree = "<group>"; };
		4735A4641C327B8700EDF92F /* Tipper.app */ = {isa = PBXFileReference; explicitFileType = wrapper.application; includeInIndex = 0; path = Tipper.app; sourceTree = BUILT_PRODUCTS_DIR; };
		4735A4671C327B8700EDF92F /* AppDelegate.swift */ = {isa = PBXFileReference; lastKnownFileType = sourcecode.swift; path = AppDelegate.swift; sourceTree = "<group>"; };
		4735A4691C327B8700EDF92F /* ViewController.swift */ = {isa = PBXFileReference; lastKnownFileType = sourcecode.swift; path = ViewController.swift; sourceTree = "<group>"; };
		4735A46C1C327B8700EDF92F /* Base */ = {isa = PBXFileReference; lastKnownFileType = file.storyboard; name = Base; path = Base.lproj/Main.storyboard; sourceTree = "<group>"; };
		4735A46E1C327B8700EDF92F /* Assets.xcassets */ = {isa = PBXFileReference; lastKnownFileType = folder.assetcatalog; path = Assets.xcassets; sourceTree = "<group>"; };
		4735A4711C327B8700EDF92F /* Base */ = {isa = PBXFileReference; lastKnownFileType = file.storyboard; name = Base; path = Base.lproj/LaunchScreen.storyboard; sourceTree = "<group>"; };
		4735A4731C327B8700EDF92F /* Info.plist */ = {isa = PBXFileReference; lastKnownFileType = text.plist.xml; path = Info.plist; sourceTree = "<group>"; };
		4735A4781C327B8700EDF92F /* TipperTests.xctest */ = {isa = PBXFileReference; explicitFileType = wrapper.cfbundle; includeInIndex = 0; path = TipperTests.xctest; sourceTree = BUILT_PRODUCTS_DIR; };
		4735A47C1C327B8700EDF92F /* TipperTests.swift */ = {isa = PBXFileReference; lastKnownFileType = sourcecode.swift; path = TipperTests.swift; sourceTree = "<group>"; };
		4735A47E1C327B8700EDF92F /* Info.plist */ = {isa = PBXFileReference; lastKnownFileType = text.plist.xml; path = Info.plist; sourceTree = "<group>"; };
		4735A4831C327B8700EDF92F /* TipperUITests.xctest */ = {isa = PBXFileReference; explicitFileType = wrapper.cfbundle; includeInIndex = 0; path = TipperUITests.xctest; sourceTree = BUILT_PRODUCTS_DIR; };
		4735A4871C327B8700EDF92F /* TipperUITests.swift */ = {isa = PBXFileReference; lastKnownFileType = sourcecode.swift; path = TipperUITests.swift; sourceTree = "<group>"; };
		4735A4891C327B8700EDF92F /* Info.plist */ = {isa = PBXFileReference; lastKnownFileType = text.plist.xml; path = Info.plist; sourceTree = "<group>"; };
/* End PBXFileReference section */

/* Begin PBXFrameworksBuildPhase section */
		4735A4611C327B8700EDF92F /* Frameworks */ = {
			isa = PBXFrameworksBuildPhase;
			buildActionMask = 2147483647;
			files = (
			);
			runOnlyForDeploymentPostprocessing = 0;
		};
		4735A4751C327B8700EDF92F /* Frameworks */ = {
			isa = PBXFrameworksBuildPhase;
			buildActionMask = 2147483647;
			files = (
			);
			runOnlyForDeploymentPostprocessing = 0;
		};
		4735A4801C327B8700EDF92F /* Frameworks */ = {
			isa = PBXFrameworksBuildPhase;
			buildActionMask = 2147483647;
			files = (
			);
			runOnlyForDeploymentPostprocessing = 0;
		};
/* End PBXFrameworksBuildPhase section */

/* Begin PBXGroup section */
		4735A45B1C327B8700EDF92F = {
			isa = PBXGroup;
			children = (
				4735A4661C327B8700EDF92F /* Tipper */,
				4735A47B1C327B8700EDF92F /* TipperTests */,
				4735A4861C327B8700EDF92F /* TipperUITests */,
				4735A4651C327B8700EDF92F /* Products */,
			);
			sourceTree = "<group>";
		};
		4735A4651C327B8700EDF92F /* Products */ = {
			isa = PBXGroup;
			children = (
				4735A4641C327B8700EDF92F /* Tipper.app */,
				4735A4781C327B8700EDF92F /* TipperTests.xctest */,
				4735A4831C327B8700EDF92F /* TipperUITests.xctest */,
			);
			name = Products;
			sourceTree = "<group>";
		};
		4735A4661C327B8700EDF92F /* Tipper */ = {
			isa = PBXGroup;
			children = (
				4735A4671C327B8700EDF92F /* AppDelegate.swift */,
				4735A4691C327B8700EDF92F /* ViewController.swift */,
				4735A46B1C327B8700EDF92F /* Main.storyboard */,
				472FC96F1C350451005B1966 /* SettingsViewController.swift */,
				4735A46E1C327B8700EDF92F /* Assets.xcassets */,
				4735A4701C327B8700EDF92F /* LaunchScreen.storyboard */,
				4735A4731C327B8700EDF92F /* Info.plist */,
			);
			path = Tipper;
			sourceTree = "<group>";
		};
		4735A47B1C327B8700EDF92F /* TipperTests */ = {
			isa = PBXGroup;
			children = (
				4735A47C1C327B8700EDF92F /* TipperTests.swift */,
				4735A47E1C327B8700EDF92F /* Info.plist */,
			);
			path = TipperTests;
			sourceTree = "<group>";
		};
		4735A4861C327B8700EDF92F /* TipperUITests */ = {
			isa = PBXGroup;
			children = (
				4735A4871C327B8700EDF92F /* TipperUITests.swift */,
				4735A4891C327B8700EDF92F /* Info.plist */,
			);
			path = TipperUITests;
			sourceTree = "<group>";
		};
/* End PBXGroup section */

/* Begin PBXNativeTarget section */
		4735A4631C327B8700EDF92F /* Tipper */ = {
			isa = PBXNativeTarget;
			buildConfigurationList = 4735A48C1C327B8700EDF92F /* Build configuration list for PBXNativeTarget "Tipper" */;
			buildPhases = (
				4735A4601C327B8700EDF92F /* Sources */,
				4735A4611C327B8700EDF92F /* Frameworks */,
				4735A4621C327B8700EDF92F /* Resources */,
			);
			buildRules = (
			);
			dependencies = (
			);
			name = Tipper;
			productName = Tipper;
			productReference = 4735A4641C327B8700EDF92F /* Tipper.app */;
			productType = "com.apple.product-type.application";
		};
		4735A4771C327B8700EDF92F /* TipperTests */ = {
			isa = PBXNativeTarget;
			buildConfigurationList = 4735A48F1C327B8700EDF92F /* Build configuration list for PBXNativeTarget "TipperTests" */;
			buildPhases = (
				4735A4741C327B8700EDF92F /* Sources */,
				4735A4751C327B8700EDF92F /* Frameworks */,
				4735A4761C327B8700EDF92F /* Resources */,
			);
			buildRules = (
			);
			dependencies = (
				4735A47A1C327B8700EDF92F /* PBXTargetDependency */,
			);
			name = TipperTests;
			productName = TipperTests;
			productReference = 4735A4781C327B8700EDF92F /* TipperTests.xctest */;
			productType = "com.apple.product-type.bundle.unit-test";
		};
		4735A4821C327B8700EDF92F /* TipperUITests */ = {
			isa = PBXNativeTarget;
			buildConfigurationList = 4735A4921C327B8700EDF92F /* Build configuration list for PBXNativeTarget "TipperUITests" */;
			buildPhases = (
				4735A47F1C327B8700EDF92F /* Sources */,
				4735A4801C327B8700EDF92F /* Frameworks */,
				4735A4811C327B8700EDF92F /* Resources */,
			);
			buildRules = (
			);
			dependencies = (
				4735A4851C327B8700EDF92F /* PBXTargetDependency */,
			);
			name = TipperUITests;
			productName = TipperUITests;
			productReference = 4735A4831C327B8700EDF92F /* TipperUITests.xctest */;
			productType = "com.apple.product-type.bundle.ui-testing";
		};
/* End PBXNativeTarget section */

/* Begin PBXProject section */
		4735A45C1C327B8700EDF92F /* Project object */ = {
			isa = PBXProject;
			attributes = {
				LastSwiftUpdateCheck = 0720;
				LastUpgradeCheck = 0720;
				ORGANIZATIONNAME = Shefali;
				TargetAttributes = {
					4735A4631C327B8700EDF92F = {
						CreatedOnToolsVersion = 7.2;
					};
					4735A4771C327B8700EDF92F = {
						CreatedOnToolsVersion = 7.2;
						TestTargetID = 4735A4631C327B8700EDF92F;
					};
					4735A4821C327B8700EDF92F = {
						CreatedOnToolsVersion = 7.2;
						TestTargetID = 4735A4631C327B8700EDF92F;
					};
				};
			};
			buildConfigurationList = 4735A45F1C327B8700EDF92F /* Build configuration list for PBXProject "Tipper" */;
			compatibilityVersion = "Xcode 3.2";
			developmentRegion = English;
			hasScannedForEncodings = 0;
			knownRegions = (
				en,
				Base,
			);
			mainGroup = 4735A45B1C327B8700EDF92F;
			productRefGroup = 4735A4651C327B8700EDF92F /* Products */;
			projectDirPath = "";
			projectRoot = "";
			targets = (
				4735A4631C327B8700EDF92F /* Tipper */,
				4735A4771C327B8700EDF92F /* TipperTests */,
				4735A4821C327B8700EDF92F /* TipperUITests */,
			);
		};
/* End PBXProject section */

/* Begin PBXResourcesBuildPhase section */
		4735A4621C327B8700EDF92F /* Resources */ = {
			isa = PBXResourcesBuildPhase;
			buildActionMask = 2147483647;
			files = (
				4735A4721C327B8700EDF92F /* LaunchScreen.storyboard in Resources */,
				4735A46F1C327B8700EDF92F /* Assets.xcassets in Resources */,
				4735A46D1C327B8700EDF92F /* Main.storyboard in Resources */,
			);
			runOnlyForDeploymentPostprocessing = 0;
		};
		4735A4761C327B8700EDF92F /* Resources */ = {
			isa = PBXResourcesBuildPhase;
			buildActionMask = 2147483647;
			files = (
			);
			runOnlyForDeploymentPostprocessing = 0;
		};
		4735A4811C327B8700EDF92F /* Resources */ = {
			isa = PBXResourcesBuildPhase;
			buildActionMask = 2147483647;
			files = (
			);
			runOnlyForDeploymentPostprocessing = 0;
		};
/* End PBXResourcesBuildPhase section */

/* Begin PBXSourcesBuildPhase section */
		4735A4601C327B8700EDF92F /* Sources */ = {
			isa = PBXSourcesBuildPhase;
			buildActionMask = 2147483647;
			files = (
				4735A46A1C327B8700EDF92F /* ViewController.swift in Sources */,
				4735A4681C327B8700EDF92F /* AppDelegate.swift in Sources */,
				472FC9701C350451005B1966 /* SettingsViewController.swift in Sources */,
			);
			runOnlyForDeploymentPostprocessing = 0;
		};
		4735A4741C327B8700EDF92F /* Sources */ = {
			isa = PBXSourcesBuildPhase;
			buildActionMask = 2147483647;
			files = (
				4735A47D1C327B8700EDF92F /* TipperTests.swift in Sources */,
			);
			runOnlyForDeploymentPostprocessing = 0;
		};
		4735A47F1C327B8700EDF92F /* Sources */ = {
			isa = PBXSourcesBuildPhase;
			buildActionMask = 2147483647;
			files = (
				4735A4881C327B8700EDF92F /* TipperUITests.swift in Sources */,
			);
			runOnlyForDeploymentPostprocessing = 0;
		};
/* End PBXSourcesBuildPhase section */

/* Begin PBXTargetDependency section */
		4735A47A1C327B8700EDF92F /* PBXTargetDependency */ = {
			isa = PBXTargetDependency;
			target = 4735A4631C327B8700EDF92F /* Tipper */;
			targetProxy = 4735A4791C327B8700EDF92F /* PBXContainerItemProxy */;
		};
		4735A4851C327B8700EDF92F /* PBXTargetDependency */ = {
			isa = PBXTargetDependency;
			target = 4735A4631C327B8700EDF92F /* Tipper */;
			targetProxy = 4735A4841C327B8700EDF92F /* PBXContainerItemProxy */;
		};
/* End PBXTargetDependency section */

/* Begin PBXVariantGroup section */
		4735A46B1C327B8700EDF92F /* Main.storyboard */ = {
			isa = PBXVariantGroup;
			children = (
				4735A46C1C327B8700EDF92F /* Base */,
			);
			name = Main.storyboard;
			sourceTree = "<group>";
		};
		4735A4701C327B8700EDF92F /* LaunchScreen.storyboard */ = {
			isa = PBXVariantGroup;
			children = (
				4735A4711C327B8700EDF92F /* Base */,
			);
			name = LaunchScreen.storyboard;
			sourceTree = "<group>";
		};
/* End PBXVariantGroup section */

/* Begin XCBuildConfiguration section */
		4735A48A1C327B8700EDF92F /* Debug */ = {
			isa = XCBuildConfiguration;
			buildSettings = {
				ALWAYS_SEARCH_USER_PATHS = NO;
				CLANG_CXX_LANGUAGE_STANDARD = "gnu++0x";
				CLANG_CXX_LIBRARY = "libc++";
				CLANG_ENABLE_MODULES = YES;
				CLANG_ENABLE_OBJC_ARC = YES;
				CLANG_WARN_BOOL_CONVERSION = YES;
				CLANG_WARN_CONSTANT_CONVERSION = YES;
				CLANG_WARN_DIRECT_OBJC_ISA_USAGE = YES_ERROR;
				CLANG_WARN_EMPTY_BODY = YES;
				CLANG_WARN_ENUM_CONVERSION = YES;
				CLANG_WARN_INT_CONVERSION = YES;
				CLANG_WARN_OBJC_ROOT_CLASS = YES_ERROR;
				CLANG_WARN_UNREACHABLE_CODE = YES;
				CLANG_WARN__DUPLICATE_METHOD_MATCH = YES;
				"CODE_SIGN_IDENTITY[sdk=iphoneos*]" = "iPhone Developer";
				COPY_PHASE_STRIP = NO;
				DEBUG_INFORMATION_FORMAT = dwarf;
				ENABLE_STRICT_OBJC_MSGSEND = YES;
				ENABLE_TESTABILITY = YES;
				GCC_C_LANGUAGE_STANDARD = gnu99;
				GCC_DYNAMIC_NO_PIC = NO;
				GCC_NO_COMMON_BLOCKS = YES;
				GCC_OPTIMIZATION_LEVEL = 0;
				GCC_PREPROCESSOR_DEFINITIONS = (
					"DEBUG=1",
					"$(inherited)",
				);
				GCC_WARN_64_TO_32_BIT_CONVERSION = YES;
				GCC_WARN_ABOUT_RETURN_TYPE = YES_ERROR;
				GCC_WARN_UNDECLARED_SELECTOR = YES;
				GCC_WARN_UNINITIALIZED_AUTOS = YES_AGGRESSIVE;
				GCC_WARN_UNUSED_FUNCTION = YES;
				GCC_WARN_UNUSED_VARIABLE = YES;
				IPHONEOS_DEPLOYMENT_TARGET = 9.2;
				MTL_ENABLE_DEBUG_INFO = YES;
				ONLY_ACTIVE_ARCH = YES;
				SDKROOT = iphoneos;
				SWIFT_OPTIMIZATION_LEVEL = "-Onone";
				TARGETED_DEVICE_FAMILY = "1,2";
			};
			name = Debug;
		};
		4735A48B1C327B8700EDF92F /* Release */ = {
			isa = XCBuildConfiguration;
			buildSettings = {
				ALWAYS_SEARCH_USER_PATHS = NO;
				CLANG_CXX_LANGUAGE_STANDARD = "gnu++0x";
				CLANG_CXX_LIBRARY = "libc++";
				CLANG_ENABLE_MODULES = YES;
				CLANG_ENABLE_OBJC_ARC = YES;
				CLANG_WARN_BOOL_CONVERSION = YES;
				CLANG_WARN_CONSTANT_CONVERSION = YES;
				CLANG_WARN_DIRECT_OBJC_ISA_USAGE = YES_ERROR;
				CLANG_WARN_EMPTY_BODY = YES;
				CLANG_WARN_ENUM_CONVERSION = YES;
				CLANG_WARN_INT_CONVERSION = YES;
				CLANG_WARN_OBJC_ROOT_CLASS = YES_ERROR;
				CLANG_WARN_UNREACHABLE_CODE = YES;
				CLANG_WARN__DUPLICATE_METHOD_MATCH = YES;
				"CODE_SIGN_IDENTITY[sdk=iphoneos*]" = "iPhone Developer";
				COPY_PHASE_STRIP = NO;
				DEBUG_INFORMATION_FORMAT = "dwarf-with-dsym";
				ENABLE_NS_ASSERTIONS = NO;
				ENABLE_STRICT_OBJC_MSGSEND = YES;
				GCC_C_LANGUAGE_STANDARD = gnu99;
				GCC_NO_COMMON_BLOCKS = YES;
				GCC_WARN_64_TO_32_BIT_CONVERSION = YES;
				GCC_WARN_ABOUT_RETURN_TYPE = YES_ERROR;
				GCC_WARN_UNDECLARED_SELECTOR = YES;
				GCC_WARN_UNINITIALIZED_AUTOS = YES_AGGRESSIVE;
				GCC_WARN_UNUSED_FUNCTION = YES;
				GCC_WARN_UNUSED_VARIABLE = YES;
				IPHONEOS_DEPLOYMENT_TARGET = 9.2;
				MTL_ENABLE_DEBUG_INFO = NO;
				SDKROOT = iphoneos;
				TARGETED_DEVICE_FAMILY = "1,2";
				VALIDATE_PRODUCT = YES;
			};
			name = Release;
		};
		4735A48D1C327B8700EDF92F /* Debug */ = {
			isa = XCBuildConfiguration;
			buildSettings = {
				ASSETCATALOG_COMPILER_APPICON_NAME = AppIcon;
				INFOPLIST_FILE = Tipper/Info.plist;
				IPHONEOS_DEPLOYMENT_TARGET = 8.0;
				LD_RUNPATH_SEARCH_PATHS = "$(inherited) @executable_path/Frameworks";
				PRODUCT_BUNDLE_IDENTIFIER = Shefali.Tipper;
				PRODUCT_NAME = "$(TARGET_NAME)";
				TARGETED_DEVICE_FAMILY = 1;
			};
			name = Debug;
		};
		4735A48E1C327B8700EDF92F /* Release */ = {
			isa = XCBuildConfiguration;
			buildSettings = {
				ASSETCATALOG_COMPILER_APPICON_NAME = AppIcon;
				INFOPLIST_FILE = Tipper/Info.plist;
				IPHONEOS_DEPLOYMENT_TARGET = 8.0;
				LD_RUNPATH_SEARCH_PATHS = "$(inherited) @executable_path/Frameworks";
				PRODUCT_BUNDLE_IDENTIFIER = Shefali.Tipper;
				PRODUCT_NAME = "$(TARGET_NAME)";
				TARGETED_DEVICE_FAMILY = 1;
			};
			name = Release;
		};
		4735A4901C327B8700EDF92F /* Debug */ = {
			isa = XCBuildConfiguration;
			buildSettings = {
				BUNDLE_LOADER = "$(TEST_HOST)";
				INFOPLIST_FILE = TipperTests/Info.plist;
				LD_RUNPATH_SEARCH_PATHS = "$(inherited) @executable_path/Frameworks @loader_path/Frameworks";
				PRODUCT_BUNDLE_IDENTIFIER = Shefali.TipperTests;
				PRODUCT_NAME = "$(TARGET_NAME)";
				TEST_HOST = "$(BUILT_PRODUCTS_DIR)/Tipper.app/Tipper";
			};
			name = Debug;
		};
		4735A4911C327B8700EDF92F /* Release */ = {
			isa = XCBuildConfiguration;
			buildSettings = {
				BUNDLE_LOADER = "$(TEST_HOST)";
				INFOPLIST_FILE = TipperTests/Info.plist;
				LD_RUNPATH_SEARCH_PATHS = "$(inherited) @executable_path/Frameworks @loader_path/Frameworks";
				PRODUCT_BUNDLE_IDENTIFIER = Shefali.TipperTests;
				PRODUCT_NAME = "$(TARGET_NAME)";
				TEST_HOST = "$(BUILT_PRODUCTS_DIR)/Tipper.app/Tipper";
			};
			name = Release;
		};
		4735A4931C327B8700EDF92F /* Debug */ = {
			isa = XCBuildConfiguration;
			buildSettings = {
				INFOPLIST_FILE = TipperUITests/Info.plist;
				LD_RUNPATH_SEARCH_PATHS = "$(inherited) @executable_path/Frameworks @loader_path/Frameworks";
				PRODUCT_BUNDLE_IDENTIFIER = Shefali.TipperUITests;
				PRODUCT_NAME = "$(TARGET_NAME)";
				TEST_TARGET_NAME = Tipper;
				USES_XCTRUNNER = YES;
			};
			name = Debug;
		};
		4735A4941C327B8700EDF92F /* Release */ = {
			isa = XCBuildConfiguration;
			buildSettings = {
				INFOPLIST_FILE = TipperUITests/Info.plist;
				LD_RUNPATH_SEARCH_PATHS = "$(inherited) @executable_path/Frameworks @loader_path/Frameworks";
				PRODUCT_BUNDLE_IDENTIFIER = Shefali.TipperUITests;
				PRODUCT_NAME = "$(TARGET_NAME)";
				TEST_TARGET_NAME = Tipper;
				USES_XCTRUNNER = YES;
			};
			name = Release;
		};
/* End XCBuildConfiguration section */

/* Begin XCConfigurationList section */
		4735A45F1C327B8700EDF92F /* Build configuration list for PBXProject "Tipper" */ = {
			isa = XCConfigurationList;
			buildConfigurations = (
				4735A48A1C327B8700EDF92F /* Debug */,
				4735A48B1C327B8700EDF92F /* Release */,
			);
			defaultConfigurationIsVisible = 0;
			defaultConfigurationName = Release;
		};
		4735A48C1C327B8700EDF92F /* Build configuration list for PBXNativeTarget "Tipper" */ = {
			isa = XCConfigurationList;
			buildConfigurations = (
				4735A48D1C327B8700EDF92F /* Debug */,
				4735A48E1C327B8700EDF92F /* Release */,
			);
			defaultConfigurationIsVisible = 0;
			defaultConfigurationName = Release;
		};
		4735A48F1C327B8700EDF92F /* Build configuration list for PBXNativeTarget "TipperTests" */ = {
			isa = XCConfigurationList;
			buildConfigurations = (
				4735A4901C327B8700EDF92F /* Debug */,
				4735A4911C327B8700EDF92F /* Release */,
			);
			defaultConfigurationIsVisible = 0;
			defaultConfigurationName = Release;
		};
		4735A4921C327B8700EDF92F /* Build configuration list for PBXNativeTarget "TipperUITests" */ = {
			isa = XCConfigurationList;
			buildConfigurations = (
				4735A4931C327B8700EDF92F /* Debug */,
				4735A4941C327B8700EDF92F /* Release */,
			);
			defaultConfigurationIsVisible = 0;
			defaultConfigurationName = Release;
		};
/* End XCConfigurationList section */
	};
	rootObject = 4735A45C1C327B8700EDF92F /* Project object */;
}
